{
  "name": "pim-to-psm",
  "lockfileVersion": 3,
  "requires": true,
  "packages": {
    "": {
      "dependencies": {
        "awesome-json2json": "^0.6.0",
        "node-json-transform": "^1.1.2"
      }
    },
    "node_modules/awesome-json2json": {
      "version": "0.6.0",
      "resolved": "https://registry.npmjs.org/awesome-json2json/-/awesome-json2json-0.6.0.tgz",
      "integrity": "sha512-IlqEw1maspZndIlnbEdcdNnOIqh542+Y9/bCeR9IdlSWjbV/Llmky5qwDLGni6YMTQsw5HwQEPHh4s2SfoC9og=="
    },
    "node_modules/lodash": {
      "version": "4.17.21",
      "resolved": "https://registry.npmjs.org/lodash/-/lodash-4.17.21.tgz",
      "integrity": "sha512-v2kDEe57lecTulaDIuNTPy3Ry4gLGJ6Z1O3vE1krgXZNrsQ+LFTGHVxVjcXPs17LhbZVGedAJv8XZ1tvj5FvSg=="
    },
    "node_modules/node-json-transform": {
      "version": "1.1.2",
      "resolved": "https://registry.npmjs.org/node-json-transform/-/node-json-transform-1.1.2.tgz",
      "integrity": "sha512-Y3twjldHF1htCiCu6elGwQDdNp5PD54U66waWa2XNKh+g2lXSnWo3nq9SZnZOV3odFAqkM/roiNZx078RE2new==",
      "dependencies": {
        "lodash": "^4.17.15"
      }
    }
  }
}
